
Microsoft Visual Studio Solution File, Format Version 12.00
# Visual Studio Version 17
VisualStudioVersion = 17.7.34031.279
MinimumVisualStudioVersion = 10.0.40219.1
Project("{FAE04EC0-301F-11D3-BF4B-00C04F79EFBC}") = "jhtwj", "jhtwj\jhtwj.csproj", "{DBEEC78E-11F3-4EA9-85AF-8C9AF2C02DF0}"
EndProject
Global
	GlobalSection(SolutionConfigurationPlatforms) = preSolution
		Debug|Any CPU = Debug|Any CPU
		Release|Any CPU = Release|Any CPU
	EndGlobalSection
	GlobalSection(ProjectConfigurationPlatforms) = postSolution
		{DBEEC78E-11F3-4EA9-85AF-8C9AF2C02DF0}.Debug|Any CPU.ActiveCfg = Debug|Any CPU
		{DBEEC78E-11F3-4EA9-85AF-8C9AF2C02DF0}.Debug|Any CPU.Build.0 = Debug|Any CPU
		{DBEEC78E-11F3-4EA9-85AF-8C9AF2C02DF0}.Release|Any CPU.ActiveCfg = Release|Any CPU
		{DBEEC78E-11F3-4EA9-85AF-8C9AF2C02DF0}.Release|Any CPU.Build.0 = Release|Any CPU
	EndGlobalSection
	GlobalSection(SolutionProperties) = preSolution
		HideSolutionNode = FALSE
	EndGlobalSection
	GlobalSection(ExtensibilityGlobals) = postSolution
		SolutionGuid = {575CA875-0961-4513-9FF3-E9B8909BDCB6}
	EndGlobalSection
EndGlobal
